// !$*UTF8*$!
{
	archiveVersion = 1;
	classes = {
	};
	objectVersion = 50;
	objects = {

/* Begin PBXBuildFile section */
		8257CFA8238D407B001A80AA /* AppDelegate.swift in Sources */ = {isa = PBXBuildFile; fileRef = 8257CFA7238D407B001A80AA /* AppDelegate.swift */; };
		8257CFB1238D407C001A80AA /* Assets.xcassets in Resources */ = {isa = PBXBuildFile; fileRef = 8257CFB0238D407C001A80AA /* Assets.xcassets */; };
		8257CFB4238D407C001A80AA /* LaunchScreen.storyboard in Resources */ = {isa = PBXBuildFile; fileRef = 8257CFB2238D407C001A80AA /* LaunchScreen.storyboard */; };
		8257CFBF238D407C001A80AA /* RickAndMortyTests.swift in Sources */ = {isa = PBXBuildFile; fileRef = 8257CFBE238D407C001A80AA /* RickAndMortyTests.swift */; };
		8257CFCE238D427A001A80AA /* CharacterLIstConfigurator.swift in Sources */ = {isa = PBXBuildFile; fileRef = 8257CFCD238D427A001A80AA /* CharacterLIstConfigurator.swift */; };
		8257CFD2238D42BD001A80AA /* CharacterListPresenter.swift in Sources */ = {isa = PBXBuildFile; fileRef = 8257CFD1238D42BD001A80AA /* CharacterListPresenter.swift */; };
		8257CFD4238D42D4001A80AA /* CharacterListView.swift in Sources */ = {isa = PBXBuildFile; fileRef = 8257CFD3238D42D4001A80AA /* CharacterListView.swift */; };
		8257CFD6238D42E7001A80AA /* CharacterListViewPresenter.swift in Sources */ = {isa = PBXBuildFile; fileRef = 8257CFD5238D42E7001A80AA /* CharacterListViewPresenter.swift */; };
		8257CFD8238D4331001A80AA /* CharacterListViewController.swift in Sources */ = {isa = PBXBuildFile; fileRef = 8257CFD7238D4331001A80AA /* CharacterListViewController.swift */; };
		8257CFDA238D433A001A80AA /* CharacterListViewController.storyboard in Resources */ = {isa = PBXBuildFile; fileRef = 8257CFD9238D433A001A80AA /* CharacterListViewController.storyboard */; };
		CEEF20ADC5B46C14881A972E /* Pods_RickAndMorty.framework in Frameworks */ = {isa = PBXBuildFile; fileRef = 5780E3DF1C1F5B9A39F60040 /* Pods_RickAndMorty.framework */; };
/* End PBXBuildFile section */

/* Begin PBXContainerItemProxy section */
		8257CFBB238D407C001A80AA /* PBXContainerItemProxy */ = {
			isa = PBXContainerItemProxy;
			containerPortal = 8257CF9C238D407B001A80AA /* Project object */;
			proxyType = 1;
			remoteGlobalIDString = 8257CFA3238D407B001A80AA;
			remoteInfo = RickAndMorty;
		};
/* End PBXContainerItemProxy section */

/* Begin PBXFileReference section */
		2ED7373E0E9BBAEB96D9D9E2 /* Pods-RickAndMorty.release.xcconfig */ = {isa = PBXFileReference; includeInIndex = 1; lastKnownFileType = text.xcconfig; name = "Pods-RickAndMorty.release.xcconfig"; path = "Target Support Files/Pods-RickAndMorty/Pods-RickAndMorty.release.xcconfig"; sourceTree = "<group>"; };
		5780E3DF1C1F5B9A39F60040 /* Pods_RickAndMorty.framework */ = {isa = PBXFileReference; explicitFileType = wrapper.framework; includeInIndex = 0; path = Pods_RickAndMorty.framework; sourceTree = BUILT_PRODUCTS_DIR; };
		8257CFA4238D407B001A80AA /* RickAndMorty.app */ = {isa = PBXFileReference; explicitFileType = wrapper.application; includeInIndex = 0; path = RickAndMorty.app; sourceTree = BUILT_PRODUCTS_DIR; };
		8257CFA7238D407B001A80AA /* AppDelegate.swift */ = {isa = PBXFileReference; lastKnownFileType = sourcecode.swift; path = AppDelegate.swift; sourceTree = "<group>"; };
		8257CFB0238D407C001A80AA /* Assets.xcassets */ = {isa = PBXFileReference; lastKnownFileType = folder.assetcatalog; path = Assets.xcassets; sourceTree = "<group>"; };
		8257CFB3238D407C001A80AA /* Base */ = {isa = PBXFileReference; lastKnownFileType = file.storyboard; name = Base; path = Base.lproj/LaunchScreen.storyboard; sourceTree = "<group>"; };
		8257CFB5238D407C001A80AA /* Info.plist */ = {isa = PBXFileReference; lastKnownFileType = text.plist.xml; path = Info.plist; sourceTree = "<group>"; };
		8257CFBA238D407C001A80AA /* RickAndMortyTests.xctest */ = {isa = PBXFileReference; explicitFileType = wrapper.cfbundle; includeInIndex = 0; path = RickAndMortyTests.xctest; sourceTree = BUILT_PRODUCTS_DIR; };
		8257CFBE238D407C001A80AA /* RickAndMortyTests.swift */ = {isa = PBXFileReference; lastKnownFileType = sourcecode.swift; path = RickAndMortyTests.swift; sourceTree = "<group>"; };
		8257CFC0238D407C001A80AA /* Info.plist */ = {isa = PBXFileReference; lastKnownFileType = text.plist.xml; path = Info.plist; sourceTree = "<group>"; };
		8257CFCD238D427A001A80AA /* CharacterLIstConfigurator.swift */ = {isa = PBXFileReference; lastKnownFileType = sourcecode.swift; path = CharacterLIstConfigurator.swift; sourceTree = "<group>"; };
		8257CFD1238D42BD001A80AA /* CharacterListPresenter.swift */ = {isa = PBXFileReference; lastKnownFileType = sourcecode.swift; path = CharacterListPresenter.swift; sourceTree = "<group>"; };
		8257CFD3238D42D4001A80AA /* CharacterListView.swift */ = {isa = PBXFileReference; lastKnownFileType = sourcecode.swift; path = CharacterListView.swift; sourceTree = "<group>"; };
		8257CFD5238D42E7001A80AA /* CharacterListViewPresenter.swift */ = {isa = PBXFileReference; lastKnownFileType = sourcecode.swift; path = CharacterListViewPresenter.swift; sourceTree = "<group>"; };
		8257CFD7238D4331001A80AA /* CharacterListViewController.swift */ = {isa = PBXFileReference; lastKnownFileType = sourcecode.swift; path = CharacterListViewController.swift; sourceTree = "<group>"; };
		8257CFD9238D433A001A80AA /* CharacterListViewController.storyboard */ = {isa = PBXFileReference; lastKnownFileType = file.storyboard; path = CharacterListViewController.storyboard; sourceTree = "<group>"; };
		DCC1085B1BAB5E4039FC60F2 /* Pods-RickAndMorty.debug.xcconfig */ = {isa = PBXFileReference; includeInIndex = 1; lastKnownFileType = text.xcconfig; name = "Pods-RickAndMorty.debug.xcconfig"; path = "Target Support Files/Pods-RickAndMorty/Pods-RickAndMorty.debug.xcconfig"; sourceTree = "<group>"; };
/* End PBXFileReference section */

/* Begin PBXFrameworksBuildPhase section */
		8257CFA1238D407B001A80AA /* Frameworks */ = {
			isa = PBXFrameworksBuildPhase;
			buildActionMask = 2147483647;
			files = (
				CEEF20ADC5B46C14881A972E /* Pods_RickAndMorty.framework in Frameworks */,
			);
			runOnlyForDeploymentPostprocessing = 0;
		};
		8257CFB7238D407C001A80AA /* Frameworks */ = {
			isa = PBXFrameworksBuildPhase;
			buildActionMask = 2147483647;
			files = (
			);
			runOnlyForDeploymentPostprocessing = 0;
		};
/* End PBXFrameworksBuildPhase section */

/* Begin PBXGroup section */
		8257CF9B238D407B001A80AA = {
			isa = PBXGroup;
			children = (
				8257CFA6238D407B001A80AA /* RickAndMorty */,
				8257CFBD238D407C001A80AA /* RickAndMortyTests */,
				8257CFA5238D407B001A80AA /* Products */,
				9F1CB3C57BBEFDEF18D5A254 /* Pods */,
				981F254A0B9862C6F3732B08 /* Frameworks */,
			);
			sourceTree = "<group>";
		};
		8257CFA5238D407B001A80AA /* Products */ = {
			isa = PBXGroup;
			children = (
				8257CFA4238D407B001A80AA /* RickAndMorty.app */,
				8257CFBA238D407C001A80AA /* RickAndMortyTests.xctest */,
			);
			name = Products;
			sourceTree = "<group>";
		};
		8257CFA6238D407B001A80AA /* RickAndMorty */ = {
			isa = PBXGroup;
			children = (
				8257CFCB238D4165001A80AA /* Application */,
				8257CFC9238D4120001A80AA /* Models */,
				8257CFCA238D4159001A80AA /* Modules */,
				8257CFDB238D4343001A80AA /* Resources */,
				8257CFB5238D407C001A80AA /* Info.plist */,
			);
			path = RickAndMorty;
			sourceTree = "<group>";
		};
		8257CFBD238D407C001A80AA /* RickAndMortyTests */ = {
			isa = PBXGroup;
			children = (
				8257CFBE238D407C001A80AA /* RickAndMortyTests.swift */,
				8257CFC0238D407C001A80AA /* Info.plist */,
			);
			path = RickAndMortyTests;
			sourceTree = "<group>";
		};
		8257CFC9238D4120001A80AA /* Models */ = {
			isa = PBXGroup;
			children = (
			);
			path = Models;
			sourceTree = "<group>";
		};
		8257CFCA238D4159001A80AA /* Modules */ = {
			isa = PBXGroup;
			children = (
				8257CFCC238D425F001A80AA /* CharacterList */,
			);
			path = Modules;
			sourceTree = "<group>";
		};
		8257CFCB238D4165001A80AA /* Application */ = {
			isa = PBXGroup;
			children = (
				8257CFA7238D407B001A80AA /* AppDelegate.swift */,
				8257CFB2238D407C001A80AA /* LaunchScreen.storyboard */,
			);
			path = Application;
			sourceTree = "<group>";
		};
		8257CFCC238D425F001A80AA /* CharacterList */ = {
			isa = PBXGroup;
			children = (
				8257CFCD238D427A001A80AA /* CharacterLIstConfigurator.swift */,
				8257CFCF238D428A001A80AA /* Presenter */,
				8257CFD0238D4291001A80AA /* View */,
			);
			path = CharacterList;
			sourceTree = "<group>";
		};
		8257CFCF238D428A001A80AA /* Presenter */ = {
			isa = PBXGroup;
			children = (
				8257CFD1238D42BD001A80AA /* CharacterListPresenter.swift */,
				8257CFD5238D42E7001A80AA /* CharacterListViewPresenter.swift */,
			);
			path = Presenter;
			sourceTree = "<group>";
		};
		8257CFD0238D4291001A80AA /* View */ = {
			isa = PBXGroup;
			children = (
				8257CFD3238D42D4001A80AA /* CharacterListView.swift */,
				8257CFD7238D4331001A80AA /* CharacterListViewController.swift */,
				8257CFD9238D433A001A80AA /* CharacterListViewController.storyboard */,
			);
			path = View;
			sourceTree = "<group>";
		};
		8257CFDB238D4343001A80AA /* Resources */ = {
			isa = PBXGroup;
			children = (
				8257CFB0238D407C001A80AA /* Assets.xcassets */,
			);
			path = Resources;
			sourceTree = "<group>";
		};
		981F254A0B9862C6F3732B08 /* Frameworks */ = {
			isa = PBXGroup;
			children = (
				5780E3DF1C1F5B9A39F60040 /* Pods_RickAndMorty.framework */,
			);
			name = Frameworks;
			sourceTree = "<group>";
		};
		9F1CB3C57BBEFDEF18D5A254 /* Pods */ = {
			isa = PBXGroup;
			children = (
				DCC1085B1BAB5E4039FC60F2 /* Pods-RickAndMorty.debug.xcconfig */,
				2ED7373E0E9BBAEB96D9D9E2 /* Pods-RickAndMorty.release.xcconfig */,
			);
			path = Pods;
			sourceTree = "<group>";
		};
/* End PBXGroup section */

/* Begin PBXNativeTarget section */
		8257CFA3238D407B001A80AA /* RickAndMorty */ = {
			isa = PBXNativeTarget;
			buildConfigurationList = 8257CFC3238D407C001A80AA /* Build configuration list for PBXNativeTarget "RickAndMorty" */;
			buildPhases = (
				E7E8364A7BDEEB789D566E61 /* [CP] Check Pods Manifest.lock */,
				8257CFA0238D407B001A80AA /* Sources */,
				8257CFA1238D407B001A80AA /* Frameworks */,
				8257CFA2238D407B001A80AA /* Resources */,
				8257CFDC238D49D7001A80AA /* SwiftLint */,
			);
			buildRules = (
			);
			dependencies = (
			);
			name = RickAndMorty;
			productName = RickAndMorty;
			productReference = 8257CFA4238D407B001A80AA /* RickAndMorty.app */;
			productType = "com.apple.product-type.application";
		};
		8257CFB9238D407C001A80AA /* RickAndMortyTests */ = {
			isa = PBXNativeTarget;
			buildConfigurationList = 8257CFC6238D407C001A80AA /* Build configuration list for PBXNativeTarget "RickAndMortyTests" */;
			buildPhases = (
				8257CFB6238D407C001A80AA /* Sources */,
				8257CFB7238D407C001A80AA /* Frameworks */,
				8257CFB8238D407C001A80AA /* Resources */,
			);
			buildRules = (
			);
			dependencies = (
				8257CFBC238D407C001A80AA /* PBXTargetDependency */,
			);
			name = RickAndMortyTests;
			productName = RickAndMortyTests;
			productReference = 8257CFBA238D407C001A80AA /* RickAndMortyTests.xctest */;
			productType = "com.apple.product-type.bundle.unit-test";
		};
/* End PBXNativeTarget section */

/* Begin PBXProject section */
		8257CF9C238D407B001A80AA /* Project object */ = {
			isa = PBXProject;
			attributes = {
				LastSwiftUpdateCheck = 1120;
				LastUpgradeCheck = 1120;
				ORGANIZATIONNAME = "Alexander Serdobintsev";
				TargetAttributes = {
					8257CFA3238D407B001A80AA = {
						CreatedOnToolsVersion = 11.2.1;
					};
					8257CFB9238D407C001A80AA = {
						CreatedOnToolsVersion = 11.2.1;
						TestTargetID = 8257CFA3238D407B001A80AA;
					};
				};
			};
			buildConfigurationList = 8257CF9F238D407B001A80AA /* Build configuration list for PBXProject "RickAndMorty" */;
			compatibilityVersion = "Xcode 9.3";
			developmentRegion = en;
			hasScannedForEncodings = 0;
			knownRegions = (
				en,
				Base,
			);
			mainGroup = 8257CF9B238D407B001A80AA;
			productRefGroup = 8257CFA5238D407B001A80AA /* Products */;
			projectDirPath = "";
			projectRoot = "";
			targets = (
				8257CFA3238D407B001A80AA /* RickAndMorty */,
				8257CFB9238D407C001A80AA /* RickAndMortyTests */,
			);
		};
/* End PBXProject section */

/* Begin PBXResourcesBuildPhase section */
		8257CFA2238D407B001A80AA /* Resources */ = {
			isa = PBXResourcesBuildPhase;
			buildActionMask = 2147483647;
			files = (
				8257CFB4238D407C001A80AA /* LaunchScreen.storyboard in Resources */,
				8257CFDA238D433A001A80AA /* CharacterListViewController.storyboard in Resources */,
				8257CFB1238D407C001A80AA /* Assets.xcassets in Resources */,
			);
			runOnlyForDeploymentPostprocessing = 0;
		};
		8257CFB8238D407C001A80AA /* Resources */ = {
			isa = PBXResourcesBuildPhase;
			buildActionMask = 2147483647;
			files = (
			);
			runOnlyForDeploymentPostprocessing = 0;
		};
/* End PBXResourcesBuildPhase section */

/* Begin PBXShellScriptBuildPhase section */
		8257CFDC238D49D7001A80AA /* SwiftLint */ = {
			isa = PBXShellScriptBuildPhase;
			buildActionMask = 2147483647;
			files = (
			);
			inputFileListPaths = (
			);
			inputPaths = (
			);
			name = SwiftLint;
			outputFileListPaths = (
			);
			outputPaths = (
			);
			runOnlyForDeploymentPostprocessing = 0;
			shellPath = /bin/sh;
			shellScript = "${SRCROOT}/Pods/SwiftLint/swiftlint --config \"${SRCROOT}/.swiftlint.yml\"\n\n";
		};
		E7E8364A7BDEEB789D566E61 /* [CP] Check Pods Manifest.lock */ = {
			isa = PBXShellScriptBuildPhase;
			buildActionMask = 2147483647;
			files = (
			);
			inputFileListPaths = (
			);
			inputPaths = (
				"${PODS_PODFILE_DIR_PATH}/Podfile.lock",
				"${PODS_ROOT}/Manifest.lock",
			);
			name = "[CP] Check Pods Manifest.lock";
			outputFileListPaths = (
			);
			outputPaths = (
				"$(DERIVED_FILE_DIR)/Pods-RickAndMorty-checkManifestLockResult.txt",
			);
			runOnlyForDeploymentPostprocessing = 0;
			shellPath = /bin/sh;
			shellScript = "diff \"${PODS_PODFILE_DIR_PATH}/Podfile.lock\" \"${PODS_ROOT}/Manifest.lock\" > /dev/null\nif [ $? != 0 ] ; then\n    # print error to STDERR\n    echo \"error: The sandbox is not in sync with the Podfile.lock. Run 'pod install' or update your CocoaPods installation.\" >&2\n    exit 1\nfi\n# This output is used by Xcode 'outputs' to avoid re-running this script phase.\necho \"SUCCESS\" > \"${SCRIPT_OUTPUT_FILE_0}\"\n";
			showEnvVarsInLog = 0;
		};
/* End PBXShellScriptBuildPhase section */

/* Begin PBXSourcesBuildPhase section */
		8257CFA0238D407B001A80AA /* Sources */ = {
			isa = PBXSourcesBuildPhase;
			buildActionMask = 2147483647;
			files = (
				8257CFD6238D42E7001A80AA /* CharacterListViewPresenter.swift in Sources */,
				8257CFD4238D42D4001A80AA /* CharacterListView.swift in Sources */,
				8257CFD2238D42BD001A80AA /* CharacterListPresenter.swift in Sources */,
				8257CFD8238D4331001A80AA /* CharacterListViewController.swift in Sources */,
				8257CFCE238D427A001A80AA /* CharacterLIstConfigurator.swift in Sources */,
				8257CFA8238D407B001A80AA /* AppDelegate.swift in Sources */,
			);
			runOnlyForDeploymentPostprocessing = 0;
		};
		8257CFB6238D407C001A80AA /* Sources */ = {
			isa = PBXSourcesBuildPhase;
			buildActionMask = 2147483647;
			files = (
				8257CFBF238D407C001A80AA /* RickAndMortyTests.swift in Sources */,
			);
			runOnlyForDeploymentPostprocessing = 0;
		};
/* End PBXSourcesBuildPhase section */

/* Begin PBXTargetDependency section */
		8257CFBC238D407C001A80AA /* PBXTargetDependency */ = {
			isa = PBXTargetDependency;
			target = 8257CFA3238D407B001A80AA /* RickAndMorty */;
			targetProxy = 8257CFBB238D407C001A80AA /* PBXContainerItemProxy */;
		};
/* End PBXTargetDependency section */

/* Begin PBXVariantGroup section */
		8257CFB2238D407C001A80AA /* LaunchScreen.storyboard */ = {
			isa = PBXVariantGroup;
			children = (
				8257CFB3238D407C001A80AA /* Base */,
			);
			name = LaunchScreen.storyboard;
			sourceTree = "<group>";
		};
/* End PBXVariantGroup section */

/* Begin XCBuildConfiguration section */
		8257CFC1238D407C001A80AA /* Debug */ = {
			isa = XCBuildConfiguration;
			buildSettings = {
				ALWAYS_SEARCH_USER_PATHS = NO;
				CLANG_ANALYZER_NONNULL = YES;
				CLANG_ANALYZER_NUMBER_OBJECT_CONVERSION = YES_AGGRESSIVE;
				CLANG_CXX_LANGUAGE_STANDARD = "gnu++14";
				CLANG_CXX_LIBRARY = "libc++";
				CLANG_ENABLE_MODULES = YES;
				CLANG_ENABLE_OBJC_ARC = YES;
				CLANG_ENABLE_OBJC_WEAK = YES;
				CLANG_WARN_BLOCK_CAPTURE_AUTORELEASING = YES;
				CLANG_WARN_BOOL_CONVERSION = YES;
				CLANG_WARN_COMMA = YES;
				CLANG_WARN_CONSTANT_CONVERSION = YES;
				CLANG_WARN_DEPRECATED_OBJC_IMPLEMENTATIONS = YES;
				CLANG_WARN_DIRECT_OBJC_ISA_USAGE = YES_ERROR;
				CLANG_WARN_DOCUMENTATION_COMMENTS = YES;
				CLANG_WARN_EMPTY_BODY = YES;
				CLANG_WARN_ENUM_CONVERSION = YES;
				CLANG_WARN_INFINITE_RECURSION = YES;
				CLANG_WARN_INT_CONVERSION = YES;
				CLANG_WARN_NON_LITERAL_NULL_CONVERSION = YES;
				CLANG_WARN_OBJC_IMPLICIT_RETAIN_SELF = YES;
				CLANG_WARN_OBJC_LITERAL_CONVERSION = YES;
				CLANG_WARN_OBJC_ROOT_CLASS = YES_ERROR;
				CLANG_WARN_RANGE_LOOP_ANALYSIS = YES;
				CLANG_WARN_STRICT_PROTOTYPES = YES;
				CLANG_WARN_SUSPICIOUS_MOVE = YES;
				CLANG_WARN_UNGUARDED_AVAILABILITY = YES_AGGRESSIVE;
				CLANG_WARN_UNREACHABLE_CODE = YES;
				CLANG_WARN__DUPLICATE_METHOD_MATCH = YES;
				COPY_PHASE_STRIP = NO;
				DEBUG_INFORMATION_FORMAT = dwarf;
				ENABLE_STRICT_OBJC_MSGSEND = YES;
				ENABLE_TESTABILITY = YES;
				GCC_C_LANGUAGE_STANDARD = gnu11;
				GCC_DYNAMIC_NO_PIC = NO;
				GCC_NO_COMMON_BLOCKS = YES;
				GCC_OPTIMIZATION_LEVEL = 0;
				GCC_PREPROCESSOR_DEFINITIONS = (
					"DEBUG=1",
					"$(inherited)",
				);
				GCC_WARN_64_TO_32_BIT_CONVERSION = YES;
				GCC_WARN_ABOUT_RETURN_TYPE = YES_ERROR;
				GCC_WARN_UNDECLARED_SELECTOR = YES;
				GCC_WARN_UNINITIALIZED_AUTOS = YES_AGGRESSIVE;
				GCC_WARN_UNUSED_FUNCTION = YES;
				GCC_WARN_UNUSED_VARIABLE = YES;
				IPHONEOS_DEPLOYMENT_TARGET = 13.2;
				MTL_ENABLE_DEBUG_INFO = INCLUDE_SOURCE;
				MTL_FAST_MATH = YES;
				ONLY_ACTIVE_ARCH = YES;
				SDKROOT = iphoneos;
				SWIFT_ACTIVE_COMPILATION_CONDITIONS = DEBUG;
				SWIFT_OPTIMIZATION_LEVEL = "-Onone";
			};
			name = Debug;
		};
		8257CFC2238D407C001A80AA /* Release */ = {
			isa = XCBuildConfiguration;
			buildSettings = {
				ALWAYS_SEARCH_USER_PATHS = NO;
				CLANG_ANALYZER_NONNULL = YES;
				CLANG_ANALYZER_NUMBER_OBJECT_CONVERSION = YES_AGGRESSIVE;
				CLANG_CXX_LANGUAGE_STANDARD = "gnu++14";
				CLANG_CXX_LIBRARY = "libc++";
				CLANG_ENABLE_MODULES = YES;
				CLANG_ENABLE_OBJC_ARC = YES;
				CLANG_ENABLE_OBJC_WEAK = YES;
				CLANG_WARN_BLOCK_CAPTURE_AUTORELEASING = YES;
				CLANG_WARN_BOOL_CONVERSION = YES;
				CLANG_WARN_COMMA = YES;
				CLANG_WARN_CONSTANT_CONVERSION = YES;
				CLANG_WARN_DEPRECATED_OBJC_IMPLEMENTATIONS = YES;
				CLANG_WARN_DIRECT_OBJC_ISA_USAGE = YES_ERROR;
				CLANG_WARN_DOCUMENTATION_COMMENTS = YES;
				CLANG_WARN_EMPTY_BODY = YES;
				CLANG_WARN_ENUM_CONVERSION = YES;
				CLANG_WARN_INFINITE_RECURSION = YES;
				CLANG_WARN_INT_CONVERSION = YES;
				CLANG_WARN_NON_LITERAL_NULL_CONVERSION = YES;
				CLANG_WARN_OBJC_IMPLICIT_RETAIN_SELF = YES;
				CLANG_WARN_OBJC_LITERAL_CONVERSION = YES;
				CLANG_WARN_OBJC_ROOT_CLASS = YES_ERROR;
				CLANG_WARN_RANGE_LOOP_ANALYSIS = YES;
				CLANG_WARN_STRICT_PROTOTYPES = YES;
				CLANG_WARN_SUSPICIOUS_MOVE = YES;
				CLANG_WARN_UNGUARDED_AVAILABILITY = YES_AGGRESSIVE;
				CLANG_WARN_UNREACHABLE_CODE = YES;
				CLANG_WARN__DUPLICATE_METHOD_MATCH = YES;
				COPY_PHASE_STRIP = NO;
				DEBUG_INFORMATION_FORMAT = "dwarf-with-dsym";
				ENABLE_NS_ASSERTIONS = NO;
				ENABLE_STRICT_OBJC_MSGSEND = YES;
				GCC_C_LANGUAGE_STANDARD = gnu11;
				GCC_NO_COMMON_BLOCKS = YES;
				GCC_WARN_64_TO_32_BIT_CONVERSION = YES;
				GCC_WARN_ABOUT_RETURN_TYPE = YES_ERROR;
				GCC_WARN_UNDECLARED_SELECTOR = YES;
				GCC_WARN_UNINITIALIZED_AUTOS = YES_AGGRESSIVE;
				GCC_WARN_UNUSED_FUNCTION = YES;
				GCC_WARN_UNUSED_VARIABLE = YES;
				IPHONEOS_DEPLOYMENT_TARGET = 13.2;
				MTL_ENABLE_DEBUG_INFO = NO;
				MTL_FAST_MATH = YES;
				SDKROOT = iphoneos;
				SWIFT_COMPILATION_MODE = wholemodule;
				SWIFT_OPTIMIZATION_LEVEL = "-O";
				VALIDATE_PRODUCT = YES;
			};
			name = Release;
		};
		8257CFC4238D407C001A80AA /* Debug */ = {
			isa = XCBuildConfiguration;
			baseConfigurationReference = DCC1085B1BAB5E4039FC60F2 /* Pods-RickAndMorty.debug.xcconfig */;
			buildSettings = {
				ASSETCATALOG_COMPILER_APPICON_NAME = AppIcon;
				CODE_SIGN_STYLE = Automatic;
				DEVELOPMENT_TEAM = 879A42R5D3;
				INFOPLIST_FILE = RickAndMorty/Info.plist;
				LD_RUNPATH_SEARCH_PATHS = (
					"$(inherited)",
					"@executable_path/Frameworks",
				);
				PRODUCT_BUNDLE_IDENTIFIER = aserd.RickAndMorty;
				PRODUCT_NAME = "$(TARGET_NAME)";
				SWIFT_VERSION = 5.0;
				TARGETED_DEVICE_FAMILY = "1,2";
			};
			name = Debug;
		};
		8257CFC5238D407C001A80AA /* Release */ = {
			isa = XCBuildConfiguration;
			baseConfigurationReference = 2ED7373E0E9BBAEB96D9D9E2 /* Pods-RickAndMorty.release.xcconfig */;
			buildSettings = {
				ASSETCATALOG_COMPILER_APPICON_NAME = AppIcon;
				CODE_SIGN_STYLE = Automatic;
				DEVELOPMENT_TEAM = 879A42R5D3;
				INFOPLIST_FILE = RickAndMorty/Info.plist;
				LD_RUNPATH_SEARCH_PATHS = (
					"$(inherited)",
					"@executable_path/Frameworks",
				);
				PRODUCT_BUNDLE_IDENTIFIER = aserd.RickAndMorty;
				PRODUCT_NAME = "$(TARGET_NAME)";
				SWIFT_VERSION = 5.0;
				TARGETED_DEVICE_FAMILY = "1,2";
			};
			name = Release;
		};
		8257CFC7238D407C001A80AA /* Debug */ = {
			isa = XCBuildConfiguration;
			buildSettings = {
				ALWAYS_EMBED_SWIFT_STANDARD_LIBRARIES = YES;
				BUNDLE_LOADER = "$(TEST_HOST)";
				CODE_SIGN_STYLE = Automatic;
				DEVELOPMENT_TEAM = 879A42R5D3;
				INFOPLIST_FILE = RickAndMortyTests/Info.plist;
				IPHONEOS_DEPLOYMENT_TARGET = 13.2;
				LD_RUNPATH_SEARCH_PATHS = (
					"$(inherited)",
					"@executable_path/Frameworks",
					"@loader_path/Frameworks",
				);
				PRODUCT_BUNDLE_IDENTIFIER = aserd.RickAndMortyTests;
				PRODUCT_NAME = "$(TARGET_NAME)";
				SWIFT_VERSION = 5.0;
				TARGETED_DEVICE_FAMILY = "1,2";
				TEST_HOST = "$(BUILT_PRODUCTS_DIR)/RickAndMorty.app/RickAndMorty";
			};
			name = Debug;
		};
		8257CFC8238D407C001A80AA /* Release */ = {
			isa = XCBuildConfiguration;
			buildSettings = {
				ALWAYS_EMBED_SWIFT_STANDARD_LIBRARIES = YES;
				BUNDLE_LOADER = "$(TEST_HOST)";
				CODE_SIGN_STYLE = Automatic;
				DEVELOPMENT_TEAM = 879A42R5D3;
				INFOPLIST_FILE = RickAndMortyTests/Info.plist;
				IPHONEOS_DEPLOYMENT_TARGET = 13.2;
				LD_RUNPATH_SEARCH_PATHS = (
					"$(inherited)",
					"@executable_path/Frameworks",
					"@loader_path/Frameworks",
				);
				PRODUCT_BUNDLE_IDENTIFIER = aserd.RickAndMortyTests;
				PRODUCT_NAME = "$(TARGET_NAME)";
				SWIFT_VERSION = 5.0;
				TARGETED_DEVICE_FAMILY = "1,2";
				TEST_HOST = "$(BUILT_PRODUCTS_DIR)/RickAndMorty.app/RickAndMorty";
			};
			name = Release;
		};
/* End XCBuildConfiguration section */

/* Begin XCConfigurationList section */
		8257CF9F238D407B001A80AA /* Build configuration list for PBXProject "RickAndMorty" */ = {
			isa = XCConfigurationList;
			buildConfigurations = (
				8257CFC1238D407C001A80AA /* Debug */,
				8257CFC2238D407C001A80AA /* Release */,
			);
			defaultConfigurationIsVisible = 0;
			defaultConfigurationName = Release;
		};
		8257CFC3238D407C001A80AA /* Build configuration list for PBXNativeTarget "RickAndMorty" */ = {
			isa = XCConfigurationList;
			buildConfigurations = (
				8257CFC4238D407C001A80AA /* Debug */,
				8257CFC5238D407C001A80AA /* Release */,
			);
			defaultConfigurationIsVisible = 0;
			defaultConfigurationName = Release;
		};
		8257CFC6238D407C001A80AA /* Build configuration list for PBXNativeTarget "RickAndMortyTests" */ = {
			isa = XCConfigurationList;
			buildConfigurations = (
				8257CFC7238D407C001A80AA /* Debug */,
				8257CFC8238D407C001A80AA /* Release */,
			);
			defaultConfigurationIsVisible = 0;
			defaultConfigurationName = Release;
		};
/* End XCConfigurationList section */
	};
	rootObject = 8257CF9C238D407B001A80AA /* Project object */;
}
